
Microsoft Visual Studio Solution File, Format Version 12.00
# Visual Studio Version 17
VisualStudioVersion = 17.4.33103.184
MinimumVisualStudioVersion = 10.0.40219.1
Project("{FAE04EC0-301F-11D3-BF4B-00C04F79EFBC}") = "basic math operator", "basic math operator\basic math operator.csproj", "{68E9FF4C-D518-4149-B88D-E4C3465BF45C}"
EndProject
Global
	GlobalSection(SolutionConfigurationPlatforms) = preSolution
		Debug|Any CPU = Debug|Any CPU
		Release|Any CPU = Release|Any CPU
	EndGlobalSection
	GlobalSection(ProjectConfigurationPlatforms) = postSolution
		{68E9FF4C-D518-4149-B88D-E4C3465BF45C}.Debug|Any CPU.ActiveCfg = Debug|Any CPU
		{68E9FF4C-D518-4149-B88D-E4C3465BF45C}.Debug|Any CPU.Build.0 = Debug|Any CPU
		{68E9FF4C-D518-4149-B88D-E4C3465BF45C}.Release|Any CPU.ActiveCfg = Release|Any CPU
		{68E9FF4C-D518-4149-B88D-E4C3465BF45C}.Release|Any CPU.Build.0 = Release|Any CPU
	EndGlobalSection
	GlobalSection(SolutionProperties) = preSolution
		HideSolutionNode = FALSE
	EndGlobalSection
	GlobalSection(ExtensibilityGlobals) = postSolution
		SolutionGuid = {A3664C88-2F94-4197-9F1B-BEEDE7D78847}
	EndGlobalSection
EndGlobal
